// !$*UTF8*$!
{
	archiveVersion = 1;
	classes = {
	};
	objectVersion = 52;
	objects = {

/* Begin PBXBuildFile section */
		3467FBFD268E208D00F4C7B4 /* AppDelegate.swift in Sources */ = {isa = PBXBuildFile; fileRef = 3467FBFC268E208D00F4C7B4 /* AppDelegate.swift */; };
		3467FBFF268E208D00F4C7B4 /* SceneDelegate.swift in Sources */ = {isa = PBXBuildFile; fileRef = 3467FBFE268E208D00F4C7B4 /* SceneDelegate.swift */; };
		3467FC01268E208D00F4C7B4 /* ViewController.swift in Sources */ = {isa = PBXBuildFile; fileRef = 3467FC00268E208D00F4C7B4 /* ViewController.swift */; };
		3467FC04268E208D00F4C7B4 /* Main.storyboard in Resources */ = {isa = PBXBuildFile; fileRef = 3467FC02268E208D00F4C7B4 /* Main.storyboard */; };
		3467FC06268E209A00F4C7B4 /* Assets.xcassets in Resources */ = {isa = PBXBuildFile; fileRef = 3467FC05268E209A00F4C7B4 /* Assets.xcassets */; };
		3467FC09268E209A00F4C7B4 /* LaunchScreen.storyboard in Resources */ = {isa = PBXBuildFile; fileRef = 3467FC07268E209A00F4C7B4 /* LaunchScreen.storyboard */; };
		34A33714268E547000803A43 /* OSLogBoolFormat in Frameworks */ = {isa = PBXBuildFile; productRef = 34A33713268E547000803A43 /* OSLogBoolFormat */; };
/* End PBXBuildFile section */

/* Begin PBXCopyFilesBuildPhase section */
		3467FC19268E3AD300F4C7B4 /* Embed Frameworks */ = {
			isa = PBXCopyFilesBuildPhase;
			buildActionMask = 2147483647;
			dstPath = "";
			dstSubfolderSpec = 10;
			files = (
			);
			name = "Embed Frameworks";
			runOnlyForDeploymentPostprocessing = 0;
		};
/* End PBXCopyFilesBuildPhase section */

/* Begin PBXFileReference section */
		3467FBF9268E208D00F4C7B4 /* NewOneTest.app */ = {isa = PBXFileReference; explicitFileType = wrapper.application; includeInIndex = 0; path = NewOneTest.app; sourceTree = BUILT_PRODUCTS_DIR; };
		3467FBFC268E208D00F4C7B4 /* AppDelegate.swift */ = {isa = PBXFileReference; lastKnownFileType = sourcecode.swift; path = AppDelegate.swift; sourceTree = "<group>"; };
		3467FBFE268E208D00F4C7B4 /* SceneDelegate.swift */ = {isa = PBXFileReference; lastKnownFileType = sourcecode.swift; path = SceneDelegate.swift; sourceTree = "<group>"; };
		3467FC00268E208D00F4C7B4 /* ViewController.swift */ = {isa = PBXFileReference; lastKnownFileType = sourcecode.swift; path = ViewController.swift; sourceTree = "<group>"; };
		3467FC03268E208D00F4C7B4 /* Base */ = {isa = PBXFileReference; lastKnownFileType = file.storyboard; name = Base; path = Base.lproj/Main.storyboard; sourceTree = "<group>"; };
		3467FC05268E209A00F4C7B4 /* Assets.xcassets */ = {isa = PBXFileReference; lastKnownFileType = folder.assetcatalog; path = Assets.xcassets; sourceTree = "<group>"; };
		3467FC08268E209A00F4C7B4 /* Base */ = {isa = PBXFileReference; lastKnownFileType = file.storyboard; name = Base; path = Base.lproj/LaunchScreen.storyboard; sourceTree = "<group>"; };
		3467FC0A268E209A00F4C7B4 /* Info.plist */ = {isa = PBXFileReference; lastKnownFileType = text.plist.xml; path = Info.plist; sourceTree = "<group>"; };
		34A33711268E545B00803A43 /* OSLogBoolFormat */ = {isa = PBXFileReference; lastKnownFileType = folder; path = OSLogBoolFormat; sourceTree = "<group>"; };
/* End PBXFileReference section */

/* Begin PBXFrameworksBuildPhase section */
		3467FBF6268E208D00F4C7B4 /* Frameworks */ = {
			isa = PBXFrameworksBuildPhase;
			buildActionMask = 2147483647;
			files = (
				34A33714268E547000803A43 /* OSLogBoolFormat in Frameworks */,
			);
			runOnlyForDeploymentPostprocessing = 0;
		};
/* End PBXFrameworksBuildPhase section */

/* Begin PBXGroup section */
		3467FBF0268E208D00F4C7B4 = {
			isa = PBXGroup;
			children = (
				3467FBFB268E208D00F4C7B4 /* NewOneTest */,
				3467FBFA268E208D00F4C7B4 /* Products */,
				34A33712268E547000803A43 /* Frameworks */,
			);
			sourceTree = "<group>";
		};
		3467FBFA268E208D00F4C7B4 /* Products */ = {
			isa = PBXGroup;
			children = (
				3467FBF9268E208D00F4C7B4 /* NewOneTest.app */,
			);
			name = Products;
			sourceTree = "<group>";
		};
		3467FBFB268E208D00F4C7B4 /* NewOneTest */ = {
			isa = PBXGroup;
			children = (
				34A33711268E545B00803A43 /* OSLogBoolFormat */,
				3467FBFC268E208D00F4C7B4 /* AppDelegate.swift */,
				3467FBFE268E208D00F4C7B4 /* SceneDelegate.swift */,
				3467FC00268E208D00F4C7B4 /* ViewController.swift */,
				3467FC02268E208D00F4C7B4 /* Main.storyboard */,
				3467FC05268E209A00F4C7B4 /* Assets.xcassets */,
				3467FC07268E209A00F4C7B4 /* LaunchScreen.storyboard */,
				3467FC0A268E209A00F4C7B4 /* Info.plist */,
			);
			path = NewOneTest;
			sourceTree = "<group>";
		};
		34A33712268E547000803A43 /* Frameworks */ = {
			isa = PBXGroup;
			children = (
			);
			name = Frameworks;
			sourceTree = "<group>";
		};
/* End PBXGroup section */

/* Begin PBXNativeTarget section */
		3467FBF8268E208D00F4C7B4 /* NewOneTest */ = {
			isa = PBXNativeTarget;
			buildConfigurationList = 3467FC0D268E209A00F4C7B4 /* Build configuration list for PBXNativeTarget "NewOneTest" */;
			buildPhases = (
				3467FBF5268E208D00F4C7B4 /* Sources */,
				3467FBF6268E208D00F4C7B4 /* Frameworks */,
				3467FBF7268E208D00F4C7B4 /* Resources */,
				3467FC19268E3AD300F4C7B4 /* Embed Frameworks */,
			);
			buildRules = (
			);
			dependencies = (
			);
			name = NewOneTest;
			packageProductDependencies = (
				34A33713268E547000803A43 /* OSLogBoolFormat */,
			);
			productName = NewOneTest;
			productReference = 3467FBF9268E208D00F4C7B4 /* NewOneTest.app */;
			productType = "com.apple.product-type.application";
		};
/* End PBXNativeTarget section */

/* Begin PBXProject section */
		3467FBF1268E208D00F4C7B4 /* Project object */ = {
			isa = PBXProject;
			attributes = {
				LastSwiftUpdateCheck = 1250;
				LastUpgradeCheck = 1250;
				TargetAttributes = {
					3467FBF8268E208D00F4C7B4 = {
						CreatedOnToolsVersion = 12.5.1;
					};
				};
			};
			buildConfigurationList = 3467FBF4268E208D00F4C7B4 /* Build configuration list for PBXProject "NewOneTest" */;
			compatibilityVersion = "Xcode 9.3";
			developmentRegion = en;
			hasScannedForEncodings = 0;
			knownRegions = (
				en,
				Base,
			);
			mainGroup = 3467FBF0268E208D00F4C7B4;
			packageReferences = (
			);
			productRefGroup = 3467FBFA268E208D00F4C7B4 /* Products */;
			projectDirPath = "";
			projectRoot = "";
			targets = (
				3467FBF8268E208D00F4C7B4 /* NewOneTest */,
			);
		};
/* End PBXProject section */

/* Begin PBXResourcesBuildPhase section */
		3467FBF7268E208D00F4C7B4 /* Resources */ = {
			isa = PBXResourcesBuildPhase;
			buildActionMask = 2147483647;
			files = (
				3467FC09268E209A00F4C7B4 /* LaunchScreen.storyboard in Resources */,
				3467FC06268E209A00F4C7B4 /* Assets.xcassets in Resources */,
				3467FC04268E208D00F4C7B4 /* Main.storyboard in Resources */,
			);
			runOnlyForDeploymentPostprocessing = 0;
		};
/* End PBXResourcesBuildPhase section */

/* Begin PBXSourcesBuildPhase section */
		3467FBF5268E208D00F4C7B4 /* Sources */ = {
			isa = PBXSourcesBuildPhase;
			buildActionMask = 2147483647;
			files = (
				3467FC01268E208D00F4C7B4 /* ViewController.swift in Sources */,
				3467FBFD268E208D00F4C7B4 /* AppDelegate.swift in Sources */,
				3467FBFF268E208D00F4C7B4 /* SceneDelegate.swift in Sources */,
			);
			runOnlyForDeploymentPostprocessing = 0;
		};
/* End PBXSourcesBuildPhase section */

/* Begin PBXVariantGroup section */
		3467FC02268E208D00F4C7B4 /* Main.storyboard */ = {
			isa = PBXVariantGroup;
			children = (
				3467FC03268E208D00F4C7B4 /* Base */,
			);
			name = Main.storyboard;
			sourceTree = "<group>";
		};
		3467FC07268E209A00F4C7B4 /* LaunchScreen.storyboard */ = {
			isa = PBXVariantGroup;
			children = (
				3467FC08268E209A00F4C7B4 /* Base */,
			);
			name = LaunchScreen.storyboard;
			sourceTree = "<group>";
		};
/* End PBXVariantGroup section */

/* Begin XCBuildConfiguration section */
		3467FC0B268E209A00F4C7B4 /* Debug */ = {
			isa = XCBuildConfiguration;
			buildSettings = {
				ALWAYS_SEARCH_USER_PATHS = NO;
				CLANG_ANALYZER_NONNULL = YES;
				CLANG_ANALYZER_NUMBER_OBJECT_CONVERSION = YES_AGGRESSIVE;
				CLANG_CXX_LANGUAGE_STANDARD = "gnu++14";
				CLANG_CXX_LIBRARY = "libc++";
				CLANG_ENABLE_MODULES = YES;
				CLANG_ENABLE_OBJC_ARC = YES;
				CLANG_ENABLE_OBJC_WEAK = YES;
				CLANG_WARN_BLOCK_CAPTURE_AUTORELEASING = YES;
				CLANG_WARN_BOOL_CONVERSION = YES;
				CLANG_WARN_COMMA = YES;
				CLANG_WARN_CONSTANT_CONVERSION = YES;
				CLANG_WARN_DEPRECATED_OBJC_IMPLEMENTATIONS = YES;
				CLANG_WARN_DIRECT_OBJC_ISA_USAGE = YES_ERROR;
				CLANG_WARN_DOCUMENTATION_COMMENTS = YES;
				CLANG_WARN_EMPTY_BODY = YES;
				CLANG_WARN_ENUM_CONVERSION = YES;
				CLANG_WARN_INFINITE_RECURSION = YES;
				CLANG_WARN_INT_CONVERSION = YES;
				CLANG_WARN_NON_LITERAL_NULL_CONVERSION = YES;
				CLANG_WARN_OBJC_IMPLICIT_RETAIN_SELF = YES;
				CLANG_WARN_OBJC_LITERAL_CONVERSION = YES;
				CLANG_WARN_OBJC_ROOT_CLASS = YES_ERROR;
				CLANG_WARN_QUOTED_INCLUDE_IN_FRAMEWORK_HEADER = YES;
				CLANG_WARN_RANGE_LOOP_ANALYSIS = YES;
				CLANG_WARN_STRICT_PROTOTYPES = YES;
				CLANG_WARN_SUSPICIOUS_MOVE = YES;
				CLANG_WARN_UNGUARDED_AVAILABILITY = YES_AGGRESSIVE;
				CLANG_WARN_UNREACHABLE_CODE = YES;
				CLANG_WARN__DUPLICATE_METHOD_MATCH = YES;
				COPY_PHASE_STRIP = NO;
				DEBUG_INFORMATION_FORMAT = dwarf;
				ENABLE_STRICT_OBJC_MSGSEND = YES;
				ENABLE_TESTABILITY = YES;
				GCC_C_LANGUAGE_STANDARD = gnu11;
				GCC_DYNAMIC_NO_PIC = NO;
				GCC_NO_COMMON_BLOCKS = YES;
				GCC_OPTIMIZATION_LEVEL = 0;
				GCC_PREPROCESSOR_DEFINITIONS = (
					"DEBUG=1",
					"$(inherited)",
				);
				GCC_WARN_64_TO_32_BIT_CONVERSION = YES;
				GCC_WARN_ABOUT_RETURN_TYPE = YES_ERROR;
				GCC_WARN_UNDECLARED_SELECTOR = YES;
				GCC_WARN_UNINITIALIZED_AUTOS = YES_AGGRESSIVE;
				GCC_WARN_UNUSED_FUNCTION = YES;
				GCC_WARN_UNUSED_VARIABLE = YES;
				IPHONEOS_DEPLOYMENT_TARGET = 14.5;
				MTL_ENABLE_DEBUG_INFO = INCLUDE_SOURCE;
				MTL_FAST_MATH = YES;
				ONLY_ACTIVE_ARCH = YES;
				SDKROOT = iphoneos;
				SWIFT_ACTIVE_COMPILATION_CONDITIONS = DEBUG;
				SWIFT_OPTIMIZATION_LEVEL = "-Onone";
			};
			name = Debug;
		};
		3467FC0C268E209A00F4C7B4 /* Release */ = {
			isa = XCBuildConfiguration;
			buildSettings = {
				ALWAYS_SEARCH_USER_PATHS = NO;
				CLANG_ANALYZER_NONNULL = YES;
				CLANG_ANALYZER_NUMBER_OBJECT_CONVERSION = YES_AGGRESSIVE;
				CLANG_CXX_LANGUAGE_STANDARD = "gnu++14";
				CLANG_CXX_LIBRARY = "libc++";
				CLANG_ENABLE_MODULES = YES;
				CLANG_ENABLE_OBJC_ARC = YES;
				CLANG_ENABLE_OBJC_WEAK = YES;
				CLANG_WARN_BLOCK_CAPTURE_AUTORELEASING = YES;
				CLANG_WARN_BOOL_CONVERSION = YES;
				CLANG_WARN_COMMA = YES;
				CLANG_WARN_CONSTANT_CONVERSION = YES;
				CLANG_WARN_DEPRECATED_OBJC_IMPLEMENTATIONS = YES;
				CLANG_WARN_DIRECT_OBJC_ISA_USAGE = YES_ERROR;
				CLANG_WARN_DOCUMENTATION_COMMENTS = YES;
				CLANG_WARN_EMPTY_BODY = YES;
				CLANG_WARN_ENUM_CONVERSION = YES;
				CLANG_WARN_INFINITE_RECURSION = YES;
				CLANG_WARN_INT_CONVERSION = YES;
				CLANG_WARN_NON_LITERAL_NULL_CONVERSION = YES;
				CLANG_WARN_OBJC_IMPLICIT_RETAIN_SELF = YES;
				CLANG_WARN_OBJC_LITERAL_CONVERSION = YES;
				CLANG_WARN_OBJC_ROOT_CLASS = YES_ERROR;
				CLANG_WARN_QUOTED_INCLUDE_IN_FRAMEWORK_HEADER = YES;
				CLANG_WARN_RANGE_LOOP_ANALYSIS = YES;
				CLANG_WARN_STRICT_PROTOTYPES = YES;
				CLANG_WARN_SUSPICIOUS_MOVE = YES;
				CLANG_WARN_UNGUARDED_AVAILABILITY = YES_AGGRESSIVE;
				CLANG_WARN_UNREACHABLE_CODE = YES;
				CLANG_WARN__DUPLICATE_METHOD_MATCH = YES;
				COPY_PHASE_STRIP = NO;
				DEBUG_INFORMATION_FORMAT = "dwarf-with-dsym";
				ENABLE_NS_ASSERTIONS = NO;
				ENABLE_STRICT_OBJC_MSGSEND = YES;
				GCC_C_LANGUAGE_STANDARD = gnu11;
				GCC_NO_COMMON_BLOCKS = YES;
				GCC_WARN_64_TO_32_BIT_CONVERSION = YES;
				GCC_WARN_ABOUT_RETURN_TYPE = YES_ERROR;
				GCC_WARN_UNDECLARED_SELECTOR = YES;
				GCC_WARN_UNINITIALIZED_AUTOS = YES_AGGRESSIVE;
				GCC_WARN_UNUSED_FUNCTION = YES;
				GCC_WARN_UNUSED_VARIABLE = YES;
				IPHONEOS_DEPLOYMENT_TARGET = 14.5;
				MTL_ENABLE_DEBUG_INFO = NO;
				MTL_FAST_MATH = YES;
				SDKROOT = iphoneos;
				SWIFT_COMPILATION_MODE = wholemodule;
				SWIFT_OPTIMIZATION_LEVEL = "-O";
				VALIDATE_PRODUCT = YES;
			};
			name = Release;
		};
		3467FC0E268E209A00F4C7B4 /* Debug */ = {
			isa = XCBuildConfiguration;
			buildSettings = {
				ASSETCATALOG_COMPILER_APPICON_NAME = AppIcon;
				ASSETCATALOG_COMPILER_GLOBAL_ACCENT_COLOR_NAME = AccentColor;
				CODE_SIGN_STYLE = Automatic;
				DEVELOPMENT_TEAM = M9JWF6L2BA;
				INFOPLIST_FILE = NewOneTest/Info.plist;
				LD_RUNPATH_SEARCH_PATHS = (
					"$(inherited)",
					"@executable_path/Frameworks",
				);
				PRODUCT_BUNDLE_IDENTIFIER = com.sree.Frame1.NewOneTest;
				PRODUCT_NAME = "$(TARGET_NAME)";
				SWIFT_VERSION = 5.0;
				TARGETED_DEVICE_FAMILY = "1,2";
			};
			name = Debug;
		};
		3467FC0F268E209A00F4C7B4 /* Release */ = {
			isa = XCBuildConfiguration;
			buildSettings = {
				ASSETCATALOG_COMPILER_APPICON_NAME = AppIcon;
				ASSETCATALOG_COMPILER_GLOBAL_ACCENT_COLOR_NAME = AccentColor;
				CODE_SIGN_STYLE = Automatic;
				DEVELOPMENT_TEAM = M9JWF6L2BA;
				INFOPLIST_FILE = NewOneTest/Info.plist;
				LD_RUNPATH_SEARCH_PATHS = (
					"$(inherited)",
					"@executable_path/Frameworks",
				);
				PRODUCT_BUNDLE_IDENTIFIER = com.sree.Frame1.NewOneTest;
				PRODUCT_NAME = "$(TARGET_NAME)";
				SWIFT_VERSION = 5.0;
				TARGETED_DEVICE_FAMILY = "1,2";
			};
			name = Release;
		};
/* End XCBuildConfiguration section */

/* Begin XCConfigurationList section */
		3467FBF4268E208D00F4C7B4 /* Build configuration list for PBXProject "NewOneTest" */ = {
			isa = XCConfigurationList;
			buildConfigurations = (
				3467FC0B268E209A00F4C7B4 /* Debug */,
				3467FC0C268E209A00F4C7B4 /* Release */,
			);
			defaultConfigurationIsVisible = 0;
			defaultConfigurationName = Release;
		};
		3467FC0D268E209A00F4C7B4 /* Build configuration list for PBXNativeTarget "NewOneTest" */ = {
			isa = XCConfigurationList;
			buildConfigurations = (
				3467FC0E268E209A00F4C7B4 /* Debug */,
				3467FC0F268E209A00F4C7B4 /* Release */,
			);
			defaultConfigurationIsVisible = 0;
			defaultConfigurationName = Release;
		};
/* End XCConfigurationList section */

/* Begin XCSwiftPackageProductDependency section */
		34A33713268E547000803A43 /* OSLogBoolFormat */ = {
			isa = XCSwiftPackageProductDependency;
			productName = OSLogBoolFormat;
		};
/* End XCSwiftPackageProductDependency section */
	};
	rootObject = 3467FBF1268E208D00F4C7B4 /* Project object */;
}
